
Microsoft Visual Studio Solution File, Format Version 12.00
# Visual Studio 2013
VisualStudioVersion = 12.0.40629.0
MinimumVisualStudioVersion = 10.0.40219.1
Project("{FAE04EC0-301F-11D3-BF4B-00C04F79EFBC}") = "MongoDb_POC", "MongoDb_POC\MongoDb_POC.csproj", "{74C19FF0-DB80-477E-9718-1497C84C3850}"
EndProject
Project("{2150E333-8FDC-42A3-9474-1A3956D46DE8}") = ".nuget", ".nuget", "{89D0CBD1-9A2B-4C3A-95D8-DACC392471B0}"
	ProjectSection(SolutionItems) = preProject
		.nuget\NuGet.Config = .nuget\NuGet.Config
		.nuget\NuGet.exe = .nuget\NuGet.exe
		.nuget\NuGet.targets = .nuget\NuGet.targets
	EndProjectSection
EndProject
Global
	GlobalSection(SolutionConfigurationPlatforms) = preSolution
		Debug|Any CPU = Debug|Any CPU
		Release|Any CPU = Release|Any CPU
	EndGlobalSection
	GlobalSection(ProjectConfigurationPlatforms) = postSolution
		{74C19FF0-DB80-477E-9718-1497C84C3850}.Debug|Any CPU.ActiveCfg = Debug|Any CPU
		{74C19FF0-DB80-477E-9718-1497C84C3850}.Debug|Any CPU.Build.0 = Debug|Any CPU
		{74C19FF0-DB80-477E-9718-1497C84C3850}.Release|Any CPU.ActiveCfg = Release|Any CPU
		{74C19FF0-DB80-477E-9718-1497C84C3850}.Release|Any CPU.Build.0 = Release|Any CPU
	EndGlobalSection
	GlobalSection(SolutionProperties) = preSolution
		HideSolutionNode = FALSE
	EndGlobalSection
EndGlobal
